
Microsoft Visual Studio Solution File, Format Version 11.00
# Visual Studio 2010
Project("{FAE04EC0-301F-11D3-BF4B-00C04F79EFBC}") = "FuncProExt", "FuncProExt\FuncProExt.csproj", "{79174245-F556-448A-A79B-D3BA79B0EC80}"
EndProject
Project("{FAE04EC0-301F-11D3-BF4B-00C04F79EFBC}") = "FuncProExtTest", "FuncProExtTest\FuncProExtTest.csproj", "{E656BC79-E942-461E-8FCF-741B8E3C1C03}"
EndProject
Project("{2150E333-8FDC-42A3-9474-1A3956D46DE8}") = "Solution Items", "Solution Items", "{8C4437BA-A72E-4368-BA7A-77AE090AB286}"
	ProjectSection(SolutionItems) = preProject
		FuncProExt.vsmdi = FuncProExt.vsmdi
		Local.testsettings = Local.testsettings
		TraceAndTestImpact.testsettings = TraceAndTestImpact.testsettings
	EndProjectSection
EndProject
Global
	GlobalSection(TestCaseManagementSettings) = postSolution
		CategoryFile = FuncProExt.vsmdi
	EndGlobalSection
	GlobalSection(SolutionConfigurationPlatforms) = preSolution
		Debug|Any CPU = Debug|Any CPU
		Release|Any CPU = Release|Any CPU
	EndGlobalSection
	GlobalSection(ProjectConfigurationPlatforms) = postSolution
		{79174245-F556-448A-A79B-D3BA79B0EC80}.Debug|Any CPU.ActiveCfg = Debug|Any CPU
		{79174245-F556-448A-A79B-D3BA79B0EC80}.Debug|Any CPU.Build.0 = Debug|Any CPU
		{79174245-F556-448A-A79B-D3BA79B0EC80}.Release|Any CPU.ActiveCfg = Release|Any CPU
		{79174245-F556-448A-A79B-D3BA79B0EC80}.Release|Any CPU.Build.0 = Release|Any CPU
		{E656BC79-E942-461E-8FCF-741B8E3C1C03}.Debug|Any CPU.ActiveCfg = Debug|Any CPU
		{E656BC79-E942-461E-8FCF-741B8E3C1C03}.Debug|Any CPU.Build.0 = Debug|Any CPU
		{E656BC79-E942-461E-8FCF-741B8E3C1C03}.Release|Any CPU.ActiveCfg = Release|Any CPU
		{E656BC79-E942-461E-8FCF-741B8E3C1C03}.Release|Any CPU.Build.0 = Release|Any CPU
	EndGlobalSection
	GlobalSection(SolutionProperties) = preSolution
		HideSolutionNode = FALSE
	EndGlobalSection
EndGlobal
